// !$*UTF8*$!
{
	archiveVersion = 1;
	classes = {
	};
	objectVersion = 50;
	objects = {

/* Begin PBXBuildFile section */
		F99171EA229F12D9007D20CD /* AppDelegate.swift in Sources */ = {isa = PBXBuildFile; fileRef = F99171E9229F12D9007D20CD /* AppDelegate.swift */; };
		F99171EC229F12D9007D20CD /* ViewController.swift in Sources */ = {isa = PBXBuildFile; fileRef = F99171EB229F12D9007D20CD /* ViewController.swift */; };
		F99171EF229F12D9007D20CD /* Main.storyboard in Resources */ = {isa = PBXBuildFile; fileRef = F99171ED229F12D9007D20CD /* Main.storyboard */; };
		F99171F1229F12DA007D20CD /* Assets.xcassets in Resources */ = {isa = PBXBuildFile; fileRef = F99171F0229F12DA007D20CD /* Assets.xcassets */; };
		F99171F4229F12DA007D20CD /* LaunchScreen.storyboard in Resources */ = {isa = PBXBuildFile; fileRef = F99171F2229F12DA007D20CD /* LaunchScreen.storyboard */; };
		F99171FF229F12DA007D20CD /* Tuna_Yellow_TicTacToeTests.swift in Sources */ = {isa = PBXBuildFile; fileRef = F99171FE229F12DA007D20CD /* Tuna_Yellow_TicTacToeTests.swift */; };
		F991720A229F12DA007D20CD /* Tuna_Yellow_TicTacToeUITests.swift in Sources */ = {isa = PBXBuildFile; fileRef = F9917209229F12DA007D20CD /* Tuna_Yellow_TicTacToeUITests.swift */; };
/* End PBXBuildFile section */

/* Begin PBXContainerItemProxy section */
		F99171FB229F12DA007D20CD /* PBXContainerItemProxy */ = {
			isa = PBXContainerItemProxy;
			containerPortal = F99171DE229F12D9007D20CD /* Project object */;
			proxyType = 1;
			remoteGlobalIDString = F99171E5229F12D9007D20CD;
			remoteInfo = Tuna_Yellow_TicTacToe;
		};
		F9917206229F12DA007D20CD /* PBXContainerItemProxy */ = {
			isa = PBXContainerItemProxy;
			containerPortal = F99171DE229F12D9007D20CD /* Project object */;
			proxyType = 1;
			remoteGlobalIDString = F99171E5229F12D9007D20CD;
			remoteInfo = Tuna_Yellow_TicTacToe;
		};
/* End PBXContainerItemProxy section */

/* Begin PBXFileReference section */
		F99171E6229F12D9007D20CD /* Tuna_Yellow_TicTacToe.app */ = {isa = PBXFileReference; explicitFileType = wrapper.application; includeInIndex = 0; path = Tuna_Yellow_TicTacToe.app; sourceTree = BUILT_PRODUCTS_DIR; };
		F99171E9229F12D9007D20CD /* AppDelegate.swift */ = {isa = PBXFileReference; lastKnownFileType = sourcecode.swift; path = AppDelegate.swift; sourceTree = "<group>"; };
		F99171EB229F12D9007D20CD /* ViewController.swift */ = {isa = PBXFileReference; lastKnownFileType = sourcecode.swift; path = ViewController.swift; sourceTree = "<group>"; };
		F99171EE229F12D9007D20CD /* Base */ = {isa = PBXFileReference; lastKnownFileType = file.storyboard; name = Base; path = Base.lproj/Main.storyboard; sourceTree = "<group>"; };
		F99171F0229F12DA007D20CD /* Assets.xcassets */ = {isa = PBXFileReference; lastKnownFileType = folder.assetcatalog; path = Assets.xcassets; sourceTree = "<group>"; };
		F99171F3229F12DA007D20CD /* Base */ = {isa = PBXFileReference; lastKnownFileType = file.storyboard; name = Base; path = Base.lproj/LaunchScreen.storyboard; sourceTree = "<group>"; };
		F99171F5229F12DA007D20CD /* Info.plist */ = {isa = PBXFileReference; lastKnownFileType = text.plist.xml; path = Info.plist; sourceTree = "<group>"; };
		F99171FA229F12DA007D20CD /* Tuna_Yellow_TicTacToeTests.xctest */ = {isa = PBXFileReference; explicitFileType = wrapper.cfbundle; includeInIndex = 0; path = Tuna_Yellow_TicTacToeTests.xctest; sourceTree = BUILT_PRODUCTS_DIR; };
		F99171FE229F12DA007D20CD /* Tuna_Yellow_TicTacToeTests.swift */ = {isa = PBXFileReference; lastKnownFileType = sourcecode.swift; path = Tuna_Yellow_TicTacToeTests.swift; sourceTree = "<group>"; };
		F9917200229F12DA007D20CD /* Info.plist */ = {isa = PBXFileReference; lastKnownFileType = text.plist.xml; path = Info.plist; sourceTree = "<group>"; };
		F9917205229F12DA007D20CD /* Tuna_Yellow_TicTacToeUITests.xctest */ = {isa = PBXFileReference; explicitFileType = wrapper.cfbundle; includeInIndex = 0; path = Tuna_Yellow_TicTacToeUITests.xctest; sourceTree = BUILT_PRODUCTS_DIR; };
		F9917209229F12DA007D20CD /* Tuna_Yellow_TicTacToeUITests.swift */ = {isa = PBXFileReference; lastKnownFileType = sourcecode.swift; path = Tuna_Yellow_TicTacToeUITests.swift; sourceTree = "<group>"; };
		F991720B229F12DA007D20CD /* Info.plist */ = {isa = PBXFileReference; lastKnownFileType = text.plist.xml; path = Info.plist; sourceTree = "<group>"; };
/* End PBXFileReference section */

/* Begin PBXFrameworksBuildPhase section */
		F99171E3229F12D9007D20CD /* Frameworks */ = {
			isa = PBXFrameworksBuildPhase;
			buildActionMask = 2147483647;
			files = (
			);
			runOnlyForDeploymentPostprocessing = 0;
		};
		F99171F7229F12DA007D20CD /* Frameworks */ = {
			isa = PBXFrameworksBuildPhase;
			buildActionMask = 2147483647;
			files = (
			);
			runOnlyForDeploymentPostprocessing = 0;
		};
		F9917202229F12DA007D20CD /* Frameworks */ = {
			isa = PBXFrameworksBuildPhase;
			buildActionMask = 2147483647;
			files = (
			);
			runOnlyForDeploymentPostprocessing = 0;
		};
/* End PBXFrameworksBuildPhase section */

/* Begin PBXGroup section */
		F99171DD229F12D9007D20CD = {
			isa = PBXGroup;
			children = (
				F99171E8229F12D9007D20CD /* Tuna_Yellow_TicTacToe */,
				F99171FD229F12DA007D20CD /* Tuna_Yellow_TicTacToeTests */,
				F9917208229F12DA007D20CD /* Tuna_Yellow_TicTacToeUITests */,
				F99171E7229F12D9007D20CD /* Products */,
			);
			sourceTree = "<group>";
		};
		F99171E7229F12D9007D20CD /* Products */ = {
			isa = PBXGroup;
			children = (
				F99171E6229F12D9007D20CD /* Tuna_Yellow_TicTacToe.app */,
				F99171FA229F12DA007D20CD /* Tuna_Yellow_TicTacToeTests.xctest */,
				F9917205229F12DA007D20CD /* Tuna_Yellow_TicTacToeUITests.xctest */,
			);
			name = Products;
			sourceTree = "<group>";
		};
		F99171E8229F12D9007D20CD /* Tuna_Yellow_TicTacToe */ = {
			isa = PBXGroup;
			children = (
				F99171E9229F12D9007D20CD /* AppDelegate.swift */,
				F99171EB229F12D9007D20CD /* ViewController.swift */,
				F99171ED229F12D9007D20CD /* Main.storyboard */,
				F99171F0229F12DA007D20CD /* Assets.xcassets */,
				F99171F2229F12DA007D20CD /* LaunchScreen.storyboard */,
				F99171F5229F12DA007D20CD /* Info.plist */,
			);
			path = Tuna_Yellow_TicTacToe;
			sourceTree = "<group>";
		};
		F99171FD229F12DA007D20CD /* Tuna_Yellow_TicTacToeTests */ = {
			isa = PBXGroup;
			children = (
				F99171FE229F12DA007D20CD /* Tuna_Yellow_TicTacToeTests.swift */,
				F9917200229F12DA007D20CD /* Info.plist */,
			);
			path = Tuna_Yellow_TicTacToeTests;
			sourceTree = "<group>";
		};
		F9917208229F12DA007D20CD /* Tuna_Yellow_TicTacToeUITests */ = {
			isa = PBXGroup;
			children = (
				F9917209229F12DA007D20CD /* Tuna_Yellow_TicTacToeUITests.swift */,
				F991720B229F12DA007D20CD /* Info.plist */,
			);
			path = Tuna_Yellow_TicTacToeUITests;
			sourceTree = "<group>";
		};
/* End PBXGroup section */

/* Begin PBXNativeTarget section */
		F99171E5229F12D9007D20CD /* Tuna_Yellow_TicTacToe */ = {
			isa = PBXNativeTarget;
			buildConfigurationList = F991720E229F12DA007D20CD /* Build configuration list for PBXNativeTarget "Tuna_Yellow_TicTacToe" */;
			buildPhases = (
				F99171E2229F12D9007D20CD /* Sources */,
				F99171E3229F12D9007D20CD /* Frameworks */,
				F99171E4229F12D9007D20CD /* Resources */,
			);
			buildRules = (
			);
			dependencies = (
			);
			name = Tuna_Yellow_TicTacToe;
			productName = Tuna_Yellow_TicTacToe;
			productReference = F99171E6229F12D9007D20CD /* Tuna_Yellow_TicTacToe.app */;
			productType = "com.apple.product-type.application";
		};
		F99171F9229F12DA007D20CD /* Tuna_Yellow_TicTacToeTests */ = {
			isa = PBXNativeTarget;
			buildConfigurationList = F9917211229F12DA007D20CD /* Build configuration list for PBXNativeTarget "Tuna_Yellow_TicTacToeTests" */;
			buildPhases = (
				F99171F6229F12DA007D20CD /* Sources */,
				F99171F7229F12DA007D20CD /* Frameworks */,
				F99171F8229F12DA007D20CD /* Resources */,
			);
			buildRules = (
			);
			dependencies = (
				F99171FC229F12DA007D20CD /* PBXTargetDependency */,
			);
			name = Tuna_Yellow_TicTacToeTests;
			productName = Tuna_Yellow_TicTacToeTests;
			productReference = F99171FA229F12DA007D20CD /* Tuna_Yellow_TicTacToeTests.xctest */;
			productType = "com.apple.product-type.bundle.unit-test";
		};
		F9917204229F12DA007D20CD /* Tuna_Yellow_TicTacToeUITests */ = {
			isa = PBXNativeTarget;
			buildConfigurationList = F9917214229F12DA007D20CD /* Build configuration list for PBXNativeTarget "Tuna_Yellow_TicTacToeUITests" */;
			buildPhases = (
				F9917201229F12DA007D20CD /* Sources */,
				F9917202229F12DA007D20CD /* Frameworks */,
				F9917203229F12DA007D20CD /* Resources */,
			);
			buildRules = (
			);
			dependencies = (
				F9917207229F12DA007D20CD /* PBXTargetDependency */,
			);
			name = Tuna_Yellow_TicTacToeUITests;
			productName = Tuna_Yellow_TicTacToeUITests;
			productReference = F9917205229F12DA007D20CD /* Tuna_Yellow_TicTacToeUITests.xctest */;
			productType = "com.apple.product-type.bundle.ui-testing";
		};
/* End PBXNativeTarget section */

/* Begin PBXProject section */
		F99171DE229F12D9007D20CD /* Project object */ = {
			isa = PBXProject;
			attributes = {
				LastSwiftUpdateCheck = 1020;
				LastUpgradeCheck = 1020;
				ORGANIZATIONNAME = "Tuna Ayberk Ozmen";
				TargetAttributes = {
					F99171E5229F12D9007D20CD = {
						CreatedOnToolsVersion = 10.2.1;
					};
					F99171F9229F12DA007D20CD = {
						CreatedOnToolsVersion = 10.2.1;
						TestTargetID = F99171E5229F12D9007D20CD;
					};
					F9917204229F12DA007D20CD = {
						CreatedOnToolsVersion = 10.2.1;
						TestTargetID = F99171E5229F12D9007D20CD;
					};
				};
			};
			buildConfigurationList = F99171E1229F12D9007D20CD /* Build configuration list for PBXProject "Tuna_Yellow_TicTacToe" */;
			compatibilityVersion = "Xcode 9.3";
			developmentRegion = en;
			hasScannedForEncodings = 0;
			knownRegions = (
				en,
				Base,
			);
			mainGroup = F99171DD229F12D9007D20CD;
			productRefGroup = F99171E7229F12D9007D20CD /* Products */;
			projectDirPath = "";
			projectRoot = "";
			targets = (
				F99171E5229F12D9007D20CD /* Tuna_Yellow_TicTacToe */,
				F99171F9229F12DA007D20CD /* Tuna_Yellow_TicTacToeTests */,
				F9917204229F12DA007D20CD /* Tuna_Yellow_TicTacToeUITests */,
			);
		};
/* End PBXProject section */

/* Begin PBXResourcesBuildPhase section */
		F99171E4229F12D9007D20CD /* Resources */ = {
			isa = PBXResourcesBuildPhase;
			buildActionMask = 2147483647;
			files = (
				F99171F4229F12DA007D20CD /* LaunchScreen.storyboard in Resources */,
				F99171F1229F12DA007D20CD /* Assets.xcassets in Resources */,
				F99171EF229F12D9007D20CD /* Main.storyboard in Resources */,
			);
			runOnlyForDeploymentPostprocessing = 0;
		};
		F99171F8229F12DA007D20CD /* Resources */ = {
			isa = PBXResourcesBuildPhase;
			buildActionMask = 2147483647;
			files = (
			);
			runOnlyForDeploymentPostprocessing = 0;
		};
		F9917203229F12DA007D20CD /* Resources */ = {
			isa = PBXResourcesBuildPhase;
			buildActionMask = 2147483647;
			files = (
			);
			runOnlyForDeploymentPostprocessing = 0;
		};
/* End PBXResourcesBuildPhase section */

/* Begin PBXSourcesBuildPhase section */
		F99171E2229F12D9007D20CD /* Sources */ = {
			isa = PBXSourcesBuildPhase;
			buildActionMask = 2147483647;
			files = (
				F99171EC229F12D9007D20CD /* ViewController.swift in Sources */,
				F99171EA229F12D9007D20CD /* AppDelegate.swift in Sources */,
			);
			runOnlyForDeploymentPostprocessing = 0;
		};
		F99171F6229F12DA007D20CD /* Sources */ = {
			isa = PBXSourcesBuildPhase;
			buildActionMask = 2147483647;
			files = (
				F99171FF229F12DA007D20CD /* Tuna_Yellow_TicTacToeTests.swift in Sources */,
			);
			runOnlyForDeploymentPostprocessing = 0;
		};
		F9917201229F12DA007D20CD /* Sources */ = {
			isa = PBXSourcesBuildPhase;
			buildActionMask = 2147483647;
			files = (
				F991720A229F12DA007D20CD /* Tuna_Yellow_TicTacToeUITests.swift in Sources */,
			);
			runOnlyForDeploymentPostprocessing = 0;
		};
/* End PBXSourcesBuildPhase section */

/* Begin PBXTargetDependency section */
		F99171FC229F12DA007D20CD /* PBXTargetDependency */ = {
			isa = PBXTargetDependency;
			target = F99171E5229F12D9007D20CD /* Tuna_Yellow_TicTacToe */;
			targetProxy = F99171FB229F12DA007D20CD /* PBXContainerItemProxy */;
		};
		F9917207229F12DA007D20CD /* PBXTargetDependency */ = {
			isa = PBXTargetDependency;
			target = F99171E5229F12D9007D20CD /* Tuna_Yellow_TicTacToe */;
			targetProxy = F9917206229F12DA007D20CD /* PBXContainerItemProxy */;
		};
/* End PBXTargetDependency section */

/* Begin PBXVariantGroup section */
		F99171ED229F12D9007D20CD /* Main.storyboard */ = {
			isa = PBXVariantGroup;
			children = (
				F99171EE229F12D9007D20CD /* Base */,
			);
			name = Main.storyboard;
			sourceTree = "<group>";
		};
		F99171F2229F12DA007D20CD /* LaunchScreen.storyboard */ = {
			isa = PBXVariantGroup;
			children = (
				F99171F3229F12DA007D20CD /* Base */,
			);
			name = LaunchScreen.storyboard;
			sourceTree = "<group>";
		};
/* End PBXVariantGroup section */

/* Begin XCBuildConfiguration section */
		F991720C229F12DA007D20CD /* Debug */ = {
			isa = XCBuildConfiguration;
			buildSettings = {
				ALWAYS_SEARCH_USER_PATHS = NO;
				CLANG_ANALYZER_NONNULL = YES;
				CLANG_ANALYZER_NUMBER_OBJECT_CONVERSION = YES_AGGRESSIVE;
				CLANG_CXX_LANGUAGE_STANDARD = "gnu++14";
				CLANG_CXX_LIBRARY = "libc++";
				CLANG_ENABLE_MODULES = YES;
				CLANG_ENABLE_OBJC_ARC = YES;
				CLANG_ENABLE_OBJC_WEAK = YES;
				CLANG_WARN_BLOCK_CAPTURE_AUTORELEASING = YES;
				CLANG_WARN_BOOL_CONVERSION = YES;
				CLANG_WARN_COMMA = YES;
				CLANG_WARN_CONSTANT_CONVERSION = YES;
				CLANG_WARN_DEPRECATED_OBJC_IMPLEMENTATIONS = YES;
				CLANG_WARN_DIRECT_OBJC_ISA_USAGE = YES_ERROR;
				CLANG_WARN_DOCUMENTATION_COMMENTS = YES;
				CLANG_WARN_EMPTY_BODY = YES;
				CLANG_WARN_ENUM_CONVERSION = YES;
				CLANG_WARN_INFINITE_RECURSION = YES;
				CLANG_WARN_INT_CONVERSION = YES;
				CLANG_WARN_NON_LITERAL_NULL_CONVERSION = YES;
				CLANG_WARN_OBJC_IMPLICIT_RETAIN_SELF = YES;
				CLANG_WARN_OBJC_LITERAL_CONVERSION = YES;
				CLANG_WARN_OBJC_ROOT_CLASS = YES_ERROR;
				CLANG_WARN_RANGE_LOOP_ANALYSIS = YES;
				CLANG_WARN_STRICT_PROTOTYPES = YES;
				CLANG_WARN_SUSPICIOUS_MOVE = YES;
				CLANG_WARN_UNGUARDED_AVAILABILITY = YES_AGGRESSIVE;
				CLANG_WARN_UNREACHABLE_CODE = YES;
				CLANG_WARN__DUPLICATE_METHOD_MATCH = YES;
				CODE_SIGN_IDENTITY = "iPhone Developer";
				COPY_PHASE_STRIP = NO;
				DEBUG_INFORMATION_FORMAT = dwarf;
				ENABLE_STRICT_OBJC_MSGSEND = YES;
				ENABLE_TESTABILITY = YES;
				GCC_C_LANGUAGE_STANDARD = gnu11;
				GCC_DYNAMIC_NO_PIC = NO;
				GCC_NO_COMMON_BLOCKS = YES;
				GCC_OPTIMIZATION_LEVEL = 0;
				GCC_PREPROCESSOR_DEFINITIONS = (
					"DEBUG=1",
					"$(inherited)",
				);
				GCC_WARN_64_TO_32_BIT_CONVERSION = YES;
				GCC_WARN_ABOUT_RETURN_TYPE = YES_ERROR;
				GCC_WARN_UNDECLARED_SELECTOR = YES;
				GCC_WARN_UNINITIALIZED_AUTOS = YES_AGGRESSIVE;
				GCC_WARN_UNUSED_FUNCTION = YES;
				GCC_WARN_UNUSED_VARIABLE = YES;
				IPHONEOS_DEPLOYMENT_TARGET = 12.2;
				MTL_ENABLE_DEBUG_INFO = INCLUDE_SOURCE;
				MTL_FAST_MATH = YES;
				ONLY_ACTIVE_ARCH = YES;
				SDKROOT = iphoneos;
				SWIFT_ACTIVE_COMPILATION_CONDITIONS = DEBUG;
				SWIFT_OPTIMIZATION_LEVEL = "-Onone";
			};
			name = Debug;
		};
		F991720D229F12DA007D20CD /* Release */ = {
			isa = XCBuildConfiguration;
			buildSettings = {
				ALWAYS_SEARCH_USER_PATHS = NO;
				CLANG_ANALYZER_NONNULL = YES;
				CLANG_ANALYZER_NUMBER_OBJECT_CONVERSION = YES_AGGRESSIVE;
				CLANG_CXX_LANGUAGE_STANDARD = "gnu++14";
				CLANG_CXX_LIBRARY = "libc++";
				CLANG_ENABLE_MODULES = YES;
				CLANG_ENABLE_OBJC_ARC = YES;
				CLANG_ENABLE_OBJC_WEAK = YES;
				CLANG_WARN_BLOCK_CAPTURE_AUTORELEASING = YES;
				CLANG_WARN_BOOL_CONVERSION = YES;
				CLANG_WARN_COMMA = YES;
				CLANG_WARN_CONSTANT_CONVERSION = YES;
				CLANG_WARN_DEPRECATED_OBJC_IMPLEMENTATIONS = YES;
				CLANG_WARN_DIRECT_OBJC_ISA_USAGE = YES_ERROR;
				CLANG_WARN_DOCUMENTATION_COMMENTS = YES;
				CLANG_WARN_EMPTY_BODY = YES;
				CLANG_WARN_ENUM_CONVERSION = YES;
				CLANG_WARN_INFINITE_RECURSION = YES;
				CLANG_WARN_INT_CONVERSION = YES;
				CLANG_WARN_NON_LITERAL_NULL_CONVERSION = YES;
				CLANG_WARN_OBJC_IMPLICIT_RETAIN_SELF = YES;
				CLANG_WARN_OBJC_LITERAL_CONVERSION = YES;
				CLANG_WARN_OBJC_ROOT_CLASS = YES_ERROR;
				CLANG_WARN_RANGE_LOOP_ANALYSIS = YES;
				CLANG_WARN_STRICT_PROTOTYPES = YES;
				CLANG_WARN_SUSPICIOUS_MOVE = YES;
				CLANG_WARN_UNGUARDED_AVAILABILITY = YES_AGGRESSIVE;
				CLANG_WARN_UNREACHABLE_CODE = YES;
				CLANG_WARN__DUPLICATE_METHOD_MATCH = YES;
				CODE_SIGN_IDENTITY = "iPhone Developer";
				COPY_PHASE_STRIP = NO;
				DEBUG_INFORMATION_FORMAT = "dwarf-with-dsym";
				ENABLE_NS_ASSERTIONS = NO;
				ENABLE_STRICT_OBJC_MSGSEND = YES;
				GCC_C_LANGUAGE_STANDARD = gnu11;
				GCC_NO_COMMON_BLOCKS = YES;
				GCC_WARN_64_TO_32_BIT_CONVERSION = YES;
				GCC_WARN_ABOUT_RETURN_TYPE = YES_ERROR;
				GCC_WARN_UNDECLARED_SELECTOR = YES;
				GCC_WARN_UNINITIALIZED_AUTOS = YES_AGGRESSIVE;
				GCC_WARN_UNUSED_FUNCTION = YES;
				GCC_WARN_UNUSED_VARIABLE = YES;
				IPHONEOS_DEPLOYMENT_TARGET = 12.2;
				MTL_ENABLE_DEBUG_INFO = NO;
				MTL_FAST_MATH = YES;
				SDKROOT = iphoneos;
				SWIFT_COMPILATION_MODE = wholemodule;
				SWIFT_OPTIMIZATION_LEVEL = "-O";
				VALIDATE_PRODUCT = YES;
			};
			name = Release;
		};
		F991720F229F12DA007D20CD /* Debug */ = {
			isa = XCBuildConfiguration;
			buildSettings = {
				ASSETCATALOG_COMPILER_APPICON_NAME = AppIcon;
				CODE_SIGN_STYLE = Automatic;
				INFOPLIST_FILE = Tuna_Yellow_TicTacToe/Info.plist;
				LD_RUNPATH_SEARCH_PATHS = (
					"$(inherited)",
					"@executable_path/Frameworks",
				);
				PRODUCT_BUNDLE_IDENTIFIER = "com.calculator.tao.Tuna-Yellow-TicTacToe";
				PRODUCT_NAME = "$(TARGET_NAME)";
				SWIFT_VERSION = 5.0;
				TARGETED_DEVICE_FAMILY = "1,2";
			};
			name = Debug;
		};
		F9917210229F12DA007D20CD /* Release */ = {
			isa = XCBuildConfiguration;
			buildSettings = {
				ASSETCATALOG_COMPILER_APPICON_NAME = AppIcon;
				CODE_SIGN_STYLE = Automatic;
				INFOPLIST_FILE = Tuna_Yellow_TicTacToe/Info.plist;
				LD_RUNPATH_SEARCH_PATHS = (
					"$(inherited)",
					"@executable_path/Frameworks",
				);
				PRODUCT_BUNDLE_IDENTIFIER = "com.calculator.tao.Tuna-Yellow-TicTacToe";
				PRODUCT_NAME = "$(TARGET_NAME)";
				SWIFT_VERSION = 5.0;
				TARGETED_DEVICE_FAMILY = "1,2";
			};
			name = Release;
		};
		F9917212229F12DA007D20CD /* Debug */ = {
			isa = XCBuildConfiguration;
			buildSettings = {
				ALWAYS_EMBED_SWIFT_STANDARD_LIBRARIES = YES;
				BUNDLE_LOADER = "$(TEST_HOST)";
				CODE_SIGN_STYLE = Automatic;
				INFOPLIST_FILE = Tuna_Yellow_TicTacToeTests/Info.plist;
				LD_RUNPATH_SEARCH_PATHS = (
					"$(inherited)",
					"@executable_path/Frameworks",
					"@loader_path/Frameworks",
				);
				PRODUCT_BUNDLE_IDENTIFIER = "com.calculator.tao.Tuna-Yellow-TicTacToeTests";
				PRODUCT_NAME = "$(TARGET_NAME)";
				SWIFT_VERSION = 5.0;
				TARGETED_DEVICE_FAMILY = "1,2";
				TEST_HOST = "$(BUILT_PRODUCTS_DIR)/Tuna_Yellow_TicTacToe.app/Tuna_Yellow_TicTacToe";
			};
			name = Debug;
		};
		F9917213229F12DA007D20CD /* Release */ = {
			isa = XCBuildConfiguration;
			buildSettings = {
				ALWAYS_EMBED_SWIFT_STANDARD_LIBRARIES = YES;
				BUNDLE_LOADER = "$(TEST_HOST)";
				CODE_SIGN_STYLE = Automatic;
				INFOPLIST_FILE = Tuna_Yellow_TicTacToeTests/Info.plist;
				LD_RUNPATH_SEARCH_PATHS = (
					"$(inherited)",
					"@executable_path/Frameworks",
					"@loader_path/Frameworks",
				);
				PRODUCT_BUNDLE_IDENTIFIER = "com.calculator.tao.Tuna-Yellow-TicTacToeTests";
				PRODUCT_NAME = "$(TARGET_NAME)";
				SWIFT_VERSION = 5.0;
				TARGETED_DEVICE_FAMILY = "1,2";
				TEST_HOST = "$(BUILT_PRODUCTS_DIR)/Tuna_Yellow_TicTacToe.app/Tuna_Yellow_TicTacToe";
			};
			name = Release;
		};
		F9917215229F12DA007D20CD /* Debug */ = {
			isa = XCBuildConfiguration;
			buildSettings = {
				ALWAYS_EMBED_SWIFT_STANDARD_LIBRARIES = YES;
				CODE_SIGN_STYLE = Automatic;
				INFOPLIST_FILE = Tuna_Yellow_TicTacToeUITests/Info.plist;
				LD_RUNPATH_SEARCH_PATHS = (
					"$(inherited)",
					"@executable_path/Frameworks",
					"@loader_path/Frameworks",
				);
				PRODUCT_BUNDLE_IDENTIFIER = "com.calculator.tao.Tuna-Yellow-TicTacToeUITests";
				PRODUCT_NAME = "$(TARGET_NAME)";
				SWIFT_VERSION = 5.0;
				TARGETED_DEVICE_FAMILY = "1,2";
				TEST_TARGET_NAME = Tuna_Yellow_TicTacToe;
			};
			name = Debug;
		};
		F9917216229F12DA007D20CD /* Release */ = {
			isa = XCBuildConfiguration;
			buildSettings = {
				ALWAYS_EMBED_SWIFT_STANDARD_LIBRARIES = YES;
				CODE_SIGN_STYLE = Automatic;
				INFOPLIST_FILE = Tuna_Yellow_TicTacToeUITests/Info.plist;
				LD_RUNPATH_SEARCH_PATHS = (
					"$(inherited)",
					"@executable_path/Frameworks",
					"@loader_path/Frameworks",
				);
				PRODUCT_BUNDLE_IDENTIFIER = "com.calculator.tao.Tuna-Yellow-TicTacToeUITests";
				PRODUCT_NAME = "$(TARGET_NAME)";
				SWIFT_VERSION = 5.0;
				TARGETED_DEVICE_FAMILY = "1,2";
				TEST_TARGET_NAME = Tuna_Yellow_TicTacToe;
			};
			name = Release;
		};
/* End XCBuildConfiguration section */

/* Begin XCConfigurationList section */
		F99171E1229F12D9007D20CD /* Build configuration list for PBXProject "Tuna_Yellow_TicTacToe" */ = {
			isa = XCConfigurationList;
			buildConfigurations = (
				F991720C229F12DA007D20CD /* Debug */,
				F991720D229F12DA007D20CD /* Release */,
			);
			defaultConfigurationIsVisible = 0;
			defaultConfigurationName = Release;
		};
		F991720E229F12DA007D20CD /* Build configuration list for PBXNativeTarget "Tuna_Yellow_TicTacToe" */ = {
			isa = XCConfigurationList;
			buildConfigurations = (
				F991720F229F12DA007D20CD /* Debug */,
				F9917210229F12DA007D20CD /* Release */,
			);
			defaultConfigurationIsVisible = 0;
			defaultConfigurationName = Release;
		};
		F9917211229F12DA007D20CD /* Build configuration list for PBXNativeTarget "Tuna_Yellow_TicTacToeTests" */ = {
			isa = XCConfigurationList;
			buildConfigurations = (
				F9917212229F12DA007D20CD /* Debug */,
				F9917213229F12DA007D20CD /* Release */,
			);
			defaultConfigurationIsVisible = 0;
			defaultConfigurationName = Release;
		};
		F9917214229F12DA007D20CD /* Build configuration list for PBXNativeTarget "Tuna_Yellow_TicTacToeUITests" */ = {
			isa = XCConfigurationList;
			buildConfigurations = (
				F9917215229F12DA007D20CD /* Debug */,
				F9917216229F12DA007D20CD /* Release */,
			);
			defaultConfigurationIsVisible = 0;
			defaultConfigurationName = Release;
		};
/* End XCConfigurationList section */
	};
	rootObject = F99171DE229F12D9007D20CD /* Project object */;
}
